
Microsoft Visual Studio Solution File, Format Version 12.00
# Visual Studio Version 16
VisualStudioVersion = 16.0.29503.13
MinimumVisualStudioVersion = 10.0.40219.1
Project("{FAE04EC0-301F-11D3-BF4B-00C04F79EFBC}") = "IM", "IM.csproj", "{BD2D98AC-CC43-40F1-AF50-5DE33C81E0F3}"
EndProject
Global
	GlobalSection(SolutionConfigurationPlatforms) = preSolution
		Debug|Any CPU = Debug|Any CPU
		Release|Any CPU = Release|Any CPU
	EndGlobalSection
	GlobalSection(ProjectConfigurationPlatforms) = postSolution
		{BD2D98AC-CC43-40F1-AF50-5DE33C81E0F3}.Debug|Any CPU.ActiveCfg = Debug|Any CPU
		{BD2D98AC-CC43-40F1-AF50-5DE33C81E0F3}.Debug|Any CPU.Build.0 = Debug|Any CPU
		{BD2D98AC-CC43-40F1-AF50-5DE33C81E0F3}.Release|Any CPU.ActiveCfg = Release|Any CPU
		{BD2D98AC-CC43-40F1-AF50-5DE33C81E0F3}.Release|Any CPU.Build.0 = Release|Any CPU
	EndGlobalSection
	GlobalSection(SolutionProperties) = preSolution
		HideSolutionNode = FALSE
	EndGlobalSection
	GlobalSection(ExtensibilityGlobals) = postSolution
		SolutionGuid = {28E86591-83FD-42E1-9300-55621D466A26}
	EndGlobalSection
EndGlobal
